
Microsoft Visual Studio Solution File, Format Version 12.00
# Visual Studio Version 16
VisualStudioVersion = 16.0.32106.194
MinimumVisualStudioVersion = 10.0.40219.1
Project("{FAE04EC0-301F-11D3-BF4B-00C04F79EFBC}") = "CSharpStudy", "CSharpStudy\CSharpStudy.csproj", "{AAFE3023-9388-4A68-A988-4A4D8089F7A7}"
EndProject
Project("{FAE04EC0-301F-11D3-BF4B-00C04F79EFBC}") = "ExceptionHandling", "ExceptionHandling\ExceptionHandling.csproj", "{DFB10877-420F-4037-BDB8-5FC3D6A84506}"
EndProject
Project("{FAE04EC0-301F-11D3-BF4B-00C04F79EFBC}") = "cSharpFeatures", "cSharpFeatures\cSharpFeatures.csproj", "{65F0F30F-276E-40D3-8612-C64F04130091}"
EndProject
Global
	GlobalSection(SolutionConfigurationPlatforms) = preSolution
		Debug|Any CPU = Debug|Any CPU
		Release|Any CPU = Release|Any CPU
	EndGlobalSection
	GlobalSection(ProjectConfigurationPlatforms) = postSolution
		{AAFE3023-9388-4A68-A988-4A4D8089F7A7}.Debug|Any CPU.ActiveCfg = Debug|Any CPU
		{AAFE3023-9388-4A68-A988-4A4D8089F7A7}.Debug|Any CPU.Build.0 = Debug|Any CPU
		{AAFE3023-9388-4A68-A988-4A4D8089F7A7}.Release|Any CPU.ActiveCfg = Release|Any CPU
		{AAFE3023-9388-4A68-A988-4A4D8089F7A7}.Release|Any CPU.Build.0 = Release|Any CPU
		{DFB10877-420F-4037-BDB8-5FC3D6A84506}.Debug|Any CPU.ActiveCfg = Debug|Any CPU
		{DFB10877-420F-4037-BDB8-5FC3D6A84506}.Debug|Any CPU.Build.0 = Debug|Any CPU
		{DFB10877-420F-4037-BDB8-5FC3D6A84506}.Release|Any CPU.ActiveCfg = Release|Any CPU
		{DFB10877-420F-4037-BDB8-5FC3D6A84506}.Release|Any CPU.Build.0 = Release|Any CPU
		{65F0F30F-276E-40D3-8612-C64F04130091}.Debug|Any CPU.ActiveCfg = Debug|Any CPU
		{65F0F30F-276E-40D3-8612-C64F04130091}.Debug|Any CPU.Build.0 = Debug|Any CPU
		{65F0F30F-276E-40D3-8612-C64F04130091}.Release|Any CPU.ActiveCfg = Release|Any CPU
		{65F0F30F-276E-40D3-8612-C64F04130091}.Release|Any CPU.Build.0 = Release|Any CPU
	EndGlobalSection
	GlobalSection(SolutionProperties) = preSolution
		HideSolutionNode = FALSE
	EndGlobalSection
	GlobalSection(ExtensibilityGlobals) = postSolution
		SolutionGuid = {BEAA383F-B099-4F15-8906-A857B97E23EC}
	EndGlobalSection
EndGlobal
